
Microsoft Visual Studio Solution File, Format Version 12.00
# Visual Studio Version 17
VisualStudioVersion = 17.8.34511.84
MinimumVisualStudioVersion = 10.0.40219.1
Project("{FAE04EC0-301F-11D3-BF4B-00C04F79EFBC}") = "LR10_C121_GornakDmitri", "LR10_C121_GornakDmitri\LR10_C121_GornakDmitri.csproj", "{7C14D1D8-0412-4957-A84F-201AF3674D1C}"
EndProject
Global
	GlobalSection(SolutionConfigurationPlatforms) = preSolution
		Debug|Any CPU = Debug|Any CPU
		Release|Any CPU = Release|Any CPU
	EndGlobalSection
	GlobalSection(ProjectConfigurationPlatforms) = postSolution
		{7C14D1D8-0412-4957-A84F-201AF3674D1C}.Debug|Any CPU.ActiveCfg = Debug|Any CPU
		{7C14D1D8-0412-4957-A84F-201AF3674D1C}.Debug|Any CPU.Build.0 = Debug|Any CPU
		{7C14D1D8-0412-4957-A84F-201AF3674D1C}.Release|Any CPU.ActiveCfg = Release|Any CPU
		{7C14D1D8-0412-4957-A84F-201AF3674D1C}.Release|Any CPU.Build.0 = Release|Any CPU
	EndGlobalSection
	GlobalSection(SolutionProperties) = preSolution
		HideSolutionNode = FALSE
	EndGlobalSection
	GlobalSection(ExtensibilityGlobals) = postSolution
		SolutionGuid = {EAF1DD65-2BA6-4EEE-9BBF-DAC63B8F6BB5}
	EndGlobalSection
EndGlobal
